
Microsoft Visual Studio Solution File, Format Version 12.00
# Visual Studio Version 16
VisualStudioVersion = 16.0.30621.155
MinimumVisualStudioVersion = 10.0.40219.1
Project("{FAE04EC0-301F-11D3-BF4B-00C04F79EFBC}") = "pis-vj01", "pis-vj01\pis-vj01.csproj", "{E67D9779-FC5C-49A1-A157-994DCA0E08C5}"
EndProject
Global
	GlobalSection(SolutionConfigurationPlatforms) = preSolution
		Debug|Any CPU = Debug|Any CPU
		Release|Any CPU = Release|Any CPU
	EndGlobalSection
	GlobalSection(ProjectConfigurationPlatforms) = postSolution
		{E67D9779-FC5C-49A1-A157-994DCA0E08C5}.Debug|Any CPU.ActiveCfg = Debug|Any CPU
		{E67D9779-FC5C-49A1-A157-994DCA0E08C5}.Debug|Any CPU.Build.0 = Debug|Any CPU
		{E67D9779-FC5C-49A1-A157-994DCA0E08C5}.Release|Any CPU.ActiveCfg = Release|Any CPU
		{E67D9779-FC5C-49A1-A157-994DCA0E08C5}.Release|Any CPU.Build.0 = Release|Any CPU
	EndGlobalSection
	GlobalSection(SolutionProperties) = preSolution
		HideSolutionNode = FALSE
	EndGlobalSection
	GlobalSection(ExtensibilityGlobals) = postSolution
		SolutionGuid = {48E2B263-45D7-44C5-897C-8C11FE2D0936}
	EndGlobalSection
EndGlobal
